
Microsoft Visual Studio Solution File, Format Version 12.00
# Visual Studio Version 16
VisualStudioVersion = 25.0.1706.12
MinimumVisualStudioVersion = 10.0.40219.1
Project("{FAE04EC0-301F-11D3-BF4B-00C04F79EFBC}") = "IterationStatements", "IterationStatements\IterationStatements.csproj", "{BD530DC0-798F-41AF-80B3-98C452F470C5}"
EndProject
Global
	GlobalSection(SolutionConfigurationPlatforms) = preSolution
		Debug|Any CPU = Debug|Any CPU
		Release|Any CPU = Release|Any CPU
	EndGlobalSection
	GlobalSection(ProjectConfigurationPlatforms) = postSolution
		{BD530DC0-798F-41AF-80B3-98C452F470C5}.Debug|Any CPU.ActiveCfg = Debug|Any CPU
		{BD530DC0-798F-41AF-80B3-98C452F470C5}.Debug|Any CPU.Build.0 = Debug|Any CPU
		{BD530DC0-798F-41AF-80B3-98C452F470C5}.Release|Any CPU.ActiveCfg = Release|Any CPU
		{BD530DC0-798F-41AF-80B3-98C452F470C5}.Release|Any CPU.Build.0 = Release|Any CPU
	EndGlobalSection
	GlobalSection(SolutionProperties) = preSolution
		HideSolutionNode = FALSE
	EndGlobalSection
	GlobalSection(ExtensibilityGlobals) = postSolution
		SolutionGuid = {A433E2D8-DD25-43B3-85A0-5FD76C7C70DD}
	EndGlobalSection
EndGlobal
